hash: a567152c861b11d05c72b812d894a657b95ae39d08f85c0b7cbf1a235dd8a1a7
updated: 2017-05-18T20:28:25.480256291-06:00
imports:
- name: github.com/aead/siphash
  version: e404fcfc888570cadd1610538e2dbc89f66af814
- name: github.com/boltdb/bolt
  version: 583e8937c61f1af6513608ccc75c97b6abdf4ff9
- name: github.com/btcsuite/btcd
  version: 58668c182103a00c5038c7130d7a23fad3a3bd34
  repo: git@github.com:companyzero/btcdln
  subpackages:
  - addrmgr
  - blockchain
  - btcec
  - btcjson
  - chaincfg
  - chaincfg/chainhash
  - connmgr
  - database
  - peer
  - txscript
  - wire
- name: github.com/btcsuite/btclog
  version: 73889fb79bd687870312b6e40effcecffbd57d30
- name: github.com/btcsuite/btcrpcclient
  version: e15bd09b466511d8836c4017bc4cbc2e0ff05f82
  repo: git@github.com:companyzero/btcrpcclientln
- name: github.com/btcsuite/btcutil
  version: f814b35f15362b1122f55bd9034b6275552cc2f7
  repo: git@github.com:companyzero/btcutilln
  subpackages:
  - base58
  - gcs
  - gcs/builder
  - hdkeychain
- name: github.com/btcsuite/fastsha256
  version: 637e656429416087660c84436a2a035d69d54e2e
- name: github.com/btcsuite/go-socks
  version: 4720035b7bfd2a9bb130b1c184f8bbe41b6f0d0f
  subpackages:
  - socks
- name: github.com/btcsuite/golangcrypto
  version: 53f62d9b43e87a6c56975cf862af7edf33a8d0df
  subpackages:
  - nacl/secretbox
  - pbkdf2
  - poly1305
  - ripemd160
  - salsa20/salsa
  - scrypt
  - ssh/terminal
- name: github.com/btcsuite/seelog
  version: ae8891d029dd3c269dcfd6f261ad23e761acd99f
- name: github.com/btcsuite/websocket
  version: 31079b6807923eb23992c421b114992b95131b55
- name: github.com/davecgh/go-spew
  version: 346938d642f2ec3594ed81d874461961cd0faa76
  subpackages:
  - spew
- name: github.com/golang/protobuf
  version: fec3b39b059c0f88fa6b20f5ed012b1aa203a8b4
  subpackages:
  - proto
- name: github.com/jessevdk/go-flags
  version: 1679536dcc895411a9f5848d9a0250be7856448c
- name: github.com/kkdai/bstream
  version: f391b8402d23024e7c0f624b31267a89998fca95
- name: github.com/lightninglabs/neutrino
  version: 8630f63aa206e04323f83a669be45bdcd1cfeff5
  repo: git@github.com:lightninglabs/neutrino
- name: golang.org/x/crypto
  version: 0fe963104e9d1877082f8fb38f816fcd97eb1d10
  subpackages:
  - ssh/terminal
- name: golang.org/x/net
  version: 513929065c19401a1c7b76ecd942f9f86a0c061b
  subpackages:
  - context
  - http2
  - http2/hpack
  - idna
  - internal/timeseries
  - lex/httplex
  - trace
- name: golang.org/x/sys
  version: e62c3de784db939836898e5c19ffd41bece347da
  subpackages:
  - unix
- name: golang.org/x/text
  version: 19e51611da83d6be54ddafce4a4af510cb3e9ea4
  subpackages:
  - secure/bidirule
  - transform
  - unicode/bidi
  - unicode/norm
- name: google.golang.org/grpc
  version: b7f1379d3cbbbeb2ca3405852012e237aa05459e
  subpackages:
  - codes
  - credentials
  - grpclog
  - internal
  - metadata
  - naming
  - peer
  - transport
testImports: []
